// !$*UTF8*$!
{
	archiveVersion = 1;
	classes = {
	};
	objectVersion = 77;
	objects = {

/* Begin PBXContainerItemProxy section */
		3A4A75902EFD830E00E6C0D9 /* PBXContainerItemProxy */ = {
			isa = PBXContainerItemProxy;
			containerPortal = 3A4A75782EFD830D00E6C0D9 /* Project object */;
			proxyType = 1;
			remoteGlobalIDString = 3A4A757F2EFD830D00E6C0D9;
			remoteInfo = Chiffre;
		};
		3A4A759A2EFD830E00E6C0D9 /* PBXContainerItemProxy */ = {
			isa = PBXContainerItemProxy;
			containerPortal = 3A4A75782EFD830D00E6C0D9 /* Project object */;
			proxyType = 1;
			remoteGlobalIDString = 3A4A757F2EFD830D00E6C0D9;
			remoteInfo = Chiffre;
		};
/* End PBXContainerItemProxy section */

/* Begin PBXFileReference section */
		3A4A75802EFD830D00E6C0D9 /* Chiffre.app */ = {isa = PBXFileReference; explicitFileType = wrapper.application; includeInIndex = 0; path = Chiffre.app; sourceTree = BUILT_PRODUCTS_DIR; };
		3A4A758F2EFD830E00E6C0D9 /* ChiffreTests.xctest */ = {isa = PBXFileReference; explicitFileType = wrapper.cfbundle; includeInIndex = 0; path = ChiffreTests.xctest; sourceTree = BUILT_PRODUCTS_DIR; };
		3A4A75992EFD830E00E6C0D9 /* ChiffreUITests.xctest */ = {isa = PBXFileReference; explicitFileType = wrapper.cfbundle; includeInIndex = 0; path = ChiffreUITests.xctest; sourceTree = BUILT_PRODUCTS_DIR; };
/* End PBXFileReference section */

/* Begin PBXFileSystemSynchronizedBuildFileExceptionSet section */
		3AA8CCED2EFEB00B006AAC3D /* Exceptions for "Chiffre" folder in "Chiffre" target */ = {
			isa = PBXFileSystemSynchronizedBuildFileExceptionSet;
			membershipExceptions = (
				Info.plist,
			);
			target = 3A4A757F2EFD830D00E6C0D9 /* Chiffre */;
		};
/* End PBXFileSystemSynchronizedBuildFileExceptionSet section */

/* Begin PBXFileSystemSynchronizedRootGroup section */
		3A4A75822EFD830D00E6C0D9 /* Chiffre */ = {
			isa = PBXFileSystemSynchronizedRootGroup;
			exceptions = (
				3AA8CCED2EFEB00B006AAC3D /* Exceptions for "Chiffre" folder in "Chiffre" target */,
			);
			path = Chiffre;
			sourceTree = "<group>";
		};
		3A4A75922EFD830E00E6C0D9 /* ChiffreTests */ = {
			isa = PBXFileSystemSynchronizedRootGroup;
			path = ChiffreTests;
			sourceTree = "<group>";
		};
		3A4A759C2EFD830E00E6C0D9 /* ChiffreUITests */ = {
			isa = PBXFileSystemSynchronizedRootGroup;
			path = ChiffreUITests;
			sourceTree = "<group>";
		};
/* End PBXFileSystemSynchronizedRootGroup section */

/* Begin PBXFrameworksBuildPhase section */
		3A4A757D2EFD830D00E6C0D9 /* Frameworks */ = {
			isa = PBXFrameworksBuildPhase;
			buildActionMask = 2147483647;
			files = (
			);
			runOnlyForDeploymentPostprocessing = 0;
		};
		3A4A758C2EFD830E00E6C0D9 /* Frameworks */ = {
			isa = PBXFrameworksBuildPhase;
			buildActionMask = 2147483647;
			files = (
			);
			runOnlyForDeploymentPostprocessing = 0;
		};
		3A4A75962EFD830E00E6C0D9 /* Frameworks */ = {
			isa = PBXFrameworksBuildPhase;
			buildActionMask = 2147483647;
			files = (
			);
			runOnlyForDeploymentPostprocessing = 0;
		};
/* End PBXFrameworksBuildPhase section */

/* Begin PBXGroup section */
		3A4A75772EFD830D00E6C0D9 = {
			isa = PBXGroup;
			children = (
				3A4A75822EFD830D00E6C0D9 /* Chiffre */,
				3A4A75922EFD830E00E6C0D9 /* ChiffreTests */,
				3A4A759C2EFD830E00E6C0D9 /* ChiffreUITests */,
				3A4A75812EFD830D00E6C0D9 /* Products */,
			);
			sourceTree = "<group>";
		};
		3A4A75812EFD830D00E6C0D9 /* Products */ = {
			isa = PBXGroup;
			children = (
				3A4A75802EFD830D00E6C0D9 /* Chiffre.app */,
				3A4A758F2EFD830E00E6C0D9 /* ChiffreTests.xctest */,
				3A4A75992EFD830E00E6C0D9 /* ChiffreUITests.xctest */,
			);
			name = Products;
			sourceTree = "<group>";
		};
/* End PBXGroup section */

/* Begin PBXNativeTarget section */
		3A4A757F2EFD830D00E6C0D9 /* Chiffre */ = {
			isa = PBXNativeTarget;
			buildConfigurationList = 3A4A75A32EFD830E00E6C0D9 /* Build configuration list for PBXNativeTarget "Chiffre" */;
			buildPhases = (
				3A4A757C2EFD830D00E6C0D9 /* Sources */,
				3A4A757D2EFD830D00E6C0D9 /* Frameworks */,
				3A4A757E2EFD830D00E6C0D9 /* Resources */,
			);
			buildRules = (
			);
			dependencies = (
			);
			fileSystemSynchronizedGroups = (
				3A4A75822EFD830D00E6C0D9 /* Chiffre */,
			);
			name = Chiffre;
			packageProductDependencies = (
			);
			productName = Chiffre;
			productReference = 3A4A75802EFD830D00E6C0D9 /* Chiffre.app */;
			productType = "com.apple.product-type.application";
		};
		3A4A758E2EFD830E00E6C0D9 /* ChiffreTests */ = {
			isa = PBXNativeTarget;
			buildConfigurationList = 3A4A75A62EFD830E00E6C0D9 /* Build configuration list for PBXNativeTarget "ChiffreTests" */;
			buildPhases = (
				3A4A758B2EFD830E00E6C0D9 /* Sources */,
				3A4A758C2EFD830E00E6C0D9 /* Frameworks */,
				3A4A758D2EFD830E00E6C0D9 /* Resources */,
			);
			buildRules = (
			);
			dependencies = (
				3A4A75912EFD830E00E6C0D9 /* PBXTargetDependency */,
			);
			fileSystemSynchronizedGroups = (
				3A4A75922EFD830E00E6C0D9 /* ChiffreTests */,
			);
			name = ChiffreTests;
			packageProductDependencies = (
			);
			productName = ChiffreTests;
			productReference = 3A4A758F2EFD830E00E6C0D9 /* ChiffreTests.xctest */;
			productType = "com.apple.product-type.bundle.unit-test";
		};
		3A4A75982EFD830E00E6C0D9 /* ChiffreUITests */ = {
			isa = PBXNativeTarget;
			buildConfigurationList = 3A4A75A92EFD830E00E6C0D9 /* Build configuration list for PBXNativeTarget "ChiffreUITests" */;
			buildPhases = (
				3A4A75952EFD830E00E6C0D9 /* Sources */,
				3A4A75962EFD830E00E6C0D9 /* Frameworks */,
				3A4A75972EFD830E00E6C0D9 /* Resources */,
			);
			buildRules = (
			);
			dependencies = (
				3A4A759B2EFD830E00E6C0D9 /* PBXTargetDependency */,
			);
			fileSystemSynchronizedGroups = (
				3A4A759C2EFD830E00E6C0D9 /* ChiffreUITests */,
			);
			name = ChiffreUITests;
			packageProductDependencies = (
			);
			productName = ChiffreUITests;
			productReference = 3A4A75992EFD830E00E6C0D9 /* ChiffreUITests.xctest */;
			productType = "com.apple.product-type.bundle.ui-testing";
		};
/* End PBXNativeTarget section */

/* Begin PBXProject section */
		3A4A75782EFD830D00E6C0D9 /* Project object */ = {
			isa = PBXProject;
			attributes = {
				BuildIndependentTargetsInParallel = 1;
				LastSwiftUpdateCheck = 2610;
				LastUpgradeCheck = 2620;
				TargetAttributes = {
					3A4A757F2EFD830D00E6C0D9 = {
						CreatedOnToolsVersion = 26.1.1;
					};
					3A4A758E2EFD830E00E6C0D9 = {
						CreatedOnToolsVersion = 26.1.1;
						TestTargetID = 3A4A757F2EFD830D00E6C0D9;
					};
					3A4A75982EFD830E00E6C0D9 = {
						CreatedOnToolsVersion = 26.1.1;
						TestTargetID = 3A4A757F2EFD830D00E6C0D9;
					};
				};
			};
			buildConfigurationList = 3A4A757B2EFD830D00E6C0D9 /* Build configuration list for PBXProject "Chiffre" */;
			developmentRegion = en;
			hasScannedForEncodings = 0;
			knownRegions = (
				en,
				Base,
			);
			mainGroup = 3A4A75772EFD830D00E6C0D9;
			minimizedProjectReferenceProxies = 1;
			preferredProjectObjectVersion = 77;
			productRefGroup = 3A4A75812EFD830D00E6C0D9 /* Products */;
			projectDirPath = "";
			projectRoot = "";
			targets = (
				3A4A757F2EFD830D00E6C0D9 /* Chiffre */,
				3A4A758E2EFD830E00E6C0D9 /* ChiffreTests */,
				3A4A75982EFD830E00E6C0D9 /* ChiffreUITests */,
			);
		};
/* End PBXProject section */

/* Begin PBXResourcesBuildPhase section */
		3A4A757E2EFD830D00E6C0D9 /* Resources */ = {
			isa = PBXResourcesBuildPhase;
			buildActionMask = 2147483647;
			files = (
			);
			runOnlyForDeploymentPostprocessing = 0;
		};
		3A4A758D2EFD830E00E6C0D9 /* Resources */ = {
			isa = PBXResourcesBuildPhase;
			buildActionMask = 2147483647;
			files = (
			);
			runOnlyForDeploymentPostprocessing = 0;
		};
		3A4A75972EFD830E00E6C0D9 /* Resources */ = {
			isa = PBXResourcesBuildPhase;
			buildActionMask = 2147483647;
			files = (
			);
			runOnlyForDeploymentPostprocessing = 0;
		};
/* End PBXResourcesBuildPhase section */

/* Begin PBXSourcesBuildPhase section */
		3A4A757C2EFD830D00E6C0D9 /* Sources */ = {
			isa = PBXSourcesBuildPhase;
			buildActionMask = 2147483647;
			files = (
			);
			runOnlyForDeploymentPostprocessing = 0;
		};
		3A4A758B2EFD830E00E6C0D9 /* Sources */ = {
			isa = PBXSourcesBuildPhase;
			buildActionMask = 2147483647;
			files = (
			);
			runOnlyForDeploymentPostprocessing = 0;
		};
		3A4A75952EFD830E00E6C0D9 /* Sources */ = {
			isa = PBXSourcesBuildPhase;
			buildActionMask = 2147483647;
			files = (
			);
			runOnlyForDeploymentPostprocessing = 0;
		};
/* End PBXSourcesBuildPhase section */

/* Begin PBXTargetDependency section */
		3A4A75912EFD830E00E6C0D9 /* PBXTargetDependency */ = {
			isa = PBXTargetDependency;
			target = 3A4A757F2EFD830D00E6C0D9 /* Chiffre */;
			targetProxy = 3A4A75902EFD830E00E6C0D9 /* PBXContainerItemProxy */;
		};
		3A4A759B2EFD830E00E6C0D9 /* PBXTargetDependency */ = {
			isa = PBXTargetDependency;
			target = 3A4A757F2EFD830D00E6C0D9 /* Chiffre */;
			targetProxy = 3A4A759A2EFD830E00E6C0D9 /* PBXContainerItemProxy */;
		};
/* End PBXTargetDependency section */

/* Begin XCBuildConfiguration section */
		3A4A75A12EFD830E00E6C0D9 /* Debug */ = {
			isa = XCBuildConfiguration;
			buildSettings = {
				ALWAYS_SEARCH_USER_PATHS = NO;
				ASSETCATALOG_COMPILER_GENERATE_SWIFT_ASSET_SYMBOL_EXTENSIONS = YES;
				CLANG_ANALYZER_NONNULL = YES;
				CLANG_ANALYZER_NUMBER_OBJECT_CONVERSION = YES_AGGRESSIVE;
				CLANG_CXX_LANGUAGE_STANDARD = "gnu++20";
				CLANG_ENABLE_MODULES = YES;
				CLANG_ENABLE_OBJC_ARC = YES;
				CLANG_ENABLE_OBJC_WEAK = YES;
				CLANG_WARN_BLOCK_CAPTURE_AUTORELEASING = YES;
				CLANG_WARN_BOOL_CONVERSION = YES;
				CLANG_WARN_COMMA = YES;
				CLANG_WARN_CONSTANT_CONVERSION = YES;
				CLANG_WARN_DEPRECATED_OBJC_IMPLEMENTATIONS = YES;
				CLANG_WARN_DIRECT_OBJC_ISA_USAGE = YES_ERROR;
				CLANG_WARN_DOCUMENTATION_COMMENTS = YES;
				CLANG_WARN_EMPTY_BODY = YES;
				CLANG_WARN_ENUM_CONVERSION = YES;
				CLANG_WARN_INFINITE_RECURSION = YES;
				CLANG_WARN_INT_CONVERSION = YES;
				CLANG_WARN_NON_LITERAL_NULL_CONVERSION = YES;
				CLANG_WARN_OBJC_IMPLICIT_RETAIN_SELF = YES;
				CLANG_WARN_OBJC_LITERAL_CONVERSION = YES;
				CLANG_WARN_OBJC_ROOT_CLASS = YES_ERROR;
				CLANG_WARN_QUOTED_INCLUDE_IN_FRAMEWORK_HEADER = YES;
				CLANG_WARN_RANGE_LOOP_ANALYSIS = YES;
				CLANG_WARN_STRICT_PROTOTYPES = YES;
				CLANG_WARN_SUSPICIOUS_MOVE = YES;
				CLANG_WARN_UNGUARDED_AVAILABILITY = YES_AGGRESSIVE;
				CLANG_WARN_UNREACHABLE_CODE = YES;
				CLANG_WARN__DUPLICATE_METHOD_MATCH = YES;
				COPY_PHASE_STRIP = NO;
				DEBUG_INFORMATION_FORMAT = dwarf;
				DEVELOPMENT_TEAM = NBGZXN8GX7;
				ENABLE_STRICT_OBJC_MSGSEND = YES;
				ENABLE_TESTABILITY = YES;
				ENABLE_USER_SCRIPT_SANDBOXING = YES;
				GCC_C_LANGUAGE_STANDARD = gnu17;
				GCC_DYNAMIC_NO_PIC = NO;
				GCC_NO_COMMON_BLOCKS = YES;
				GCC_OPTIMIZATION_LEVEL = 0;
				GCC_PREPROCESSOR_DEFINITIONS = (
					"DEBUG=1",
					"$(inherited)",
				);
				GCC_WARN_64_TO_32_BIT_CONVERSION = YES;
				GCC_WARN_ABOUT_RETURN_TYPE = YES_ERROR;
				GCC_WARN_UNDECLARED_SELECTOR = YES;
				GCC_WARN_UNINITIALIZED_AUTOS = YES_AGGRESSIVE;
				GCC_WARN_UNUSED_FUNCTION = YES;
				GCC_WARN_UNUSED_VARIABLE = YES;
				IPHONEOS_DEPLOYMENT_TARGET = 26.1;
				LOCALIZATION_PREFERS_STRING_CATALOGS = YES;
				MTL_ENABLE_DEBUG_INFO = INCLUDE_SOURCE;
				MTL_FAST_MATH = YES;
				ONLY_ACTIVE_ARCH = YES;
				SDKROOT = iphoneos;
				STRING_CATALOG_GENERATE_SYMBOLS = YES;
				SWIFT_ACTIVE_COMPILATION_CONDITIONS = "DEBUG $(inherited)";
				SWIFT_OPTIMIZATION_LEVEL = "-Onone";
			};
			name = Debug;
		};
		3A4A75A22EFD830E00E6C0D9 /* Release */ = {
			isa = XCBuildConfiguration;
			buildSettings = {
				ALWAYS_SEARCH_USER_PATHS = NO;
				ASSETCATALOG_COMPILER_GENERATE_SWIFT_ASSET_SYMBOL_EXTENSIONS = YES;
				CLANG_ANALYZER_NONNULL = YES;
				CLANG_ANALYZER_NUMBER_OBJECT_CONVERSION = YES_AGGRESSIVE;
				CLANG_CXX_LANGUAGE_STANDARD = "gnu++20";
				CLANG_ENABLE_MODULES = YES;
				CLANG_ENABLE_OBJC_ARC = YES;
				CLANG_ENABLE_OBJC_WEAK = YES;
				CLANG_WARN_BLOCK_CAPTURE_AUTORELEASING = YES;
				CLANG_WARN_BOOL_CONVERSION = YES;
				CLANG_WARN_COMMA = YES;
				CLANG_WARN_CONSTANT_CONVERSION = YES;
				CLANG_WARN_DEPRECATED_OBJC_IMPLEMENTATIONS = YES;
				CLANG_WARN_DIRECT_OBJC_ISA_USAGE = YES_ERROR;
				CLANG_WARN_DOCUMENTATION_COMMENTS = YES;
				CLANG_WARN_EMPTY_BODY = YES;
				CLANG_WARN_ENUM_CONVERSION = YES;
				CLANG_WARN_INFINITE_RECURSION = YES;
				CLANG_WARN_INT_CONVERSION = YES;
				CLANG_WARN_NON_LITERAL_NULL_CONVERSION = YES;
				CLANG_WARN_OBJC_IMPLICIT_RETAIN_SELF = YES;
				CLANG_WARN_OBJC_LITERAL_CONVERSION = YES;
				CLANG_WARN_OBJC_ROOT_CLASS = YES_ERROR;
				CLANG_WARN_QUOTED_INCLUDE_IN_FRAMEWORK_HEADER = YES;
				CLANG_WARN_RANGE_LOOP_ANALYSIS = YES;
				CLANG_WARN_STRICT_PROTOTYPES = YES;
				CLANG_WARN_SUSPICIOUS_MOVE = YES;
				CLANG_WARN_UNGUARDED_AVAILABILITY = YES_AGGRESSIVE;
				CLANG_WARN_UNREACHABLE_CODE = YES;
				CLANG_WARN__DUPLICATE_METHOD_MATCH = YES;
				COPY_PHASE_STRIP = NO;
				DEBUG_INFORMATION_FORMAT = "dwarf-with-dsym";
				DEVELOPMENT_TEAM = NBGZXN8GX7;
				ENABLE_NS_ASSERTIONS = NO;
				ENABLE_STRICT_OBJC_MSGSEND = YES;
				ENABLE_USER_SCRIPT_SANDBOXING = YES;
				GCC_C_LANGUAGE_STANDARD = gnu17;
				GCC_NO_COMMON_BLOCKS = YES;
				GCC_WARN_64_TO_32_BIT_CONVERSION = YES;
				GCC_WARN_ABOUT_RETURN_TYPE = YES_ERROR;
				GCC_WARN_UNDECLARED_SELECTOR = YES;
				GCC_WARN_UNINITIALIZED_AUTOS = YES_AGGRESSIVE;
				GCC_WARN_UNUSED_FUNCTION = YES;
				GCC_WARN_UNUSED_VARIABLE = YES;
				IPHONEOS_DEPLOYMENT_TARGET = 26.1;
				LOCALIZATION_PREFERS_STRING_CATALOGS = YES;
				MTL_ENABLE_DEBUG_INFO = NO;
				MTL_FAST_MATH = YES;
				SDKROOT = iphoneos;
				STRING_CATALOG_GENERATE_SYMBOLS = YES;
				SWIFT_COMPILATION_MODE = wholemodule;
				VALIDATE_PRODUCT = YES;
			};
			name = Release;
		};
		3A4A75A42EFD830E00E6C0D9 /* Debug */ = {
			isa = XCBuildConfiguration;
			buildSettings = {
				ASSETCATALOG_COMPILER_APPICON_NAME = AppIcon;
				ASSETCATALOG_COMPILER_GLOBAL_ACCENT_COLOR_NAME = AccentColor;
				CODE_SIGN_STYLE = Automatic;
				CURRENT_PROJECT_VERSION = 1;
				DEVELOPMENT_TEAM = NBGZXN8GX7;
				ENABLE_PREVIEWS = YES;
				GENERATE_INFOPLIST_FILE = YES;
				INFOPLIST_FILE = Chiffre/Info.plist;
				INFOPLIST_KEY_CFBundleDisplayName = Chiffre;
				INFOPLIST_KEY_ITSAppUsesNonExemptEncryption = NO;
				INFOPLIST_KEY_LSApplicationCategoryType = "public.app-category.education";
				INFOPLIST_KEY_NSMicrophoneUsageDescription = "Chiffre 需要访问麦克风以录制您的语音进行练习。";
				INFOPLIST_KEY_NSSpeechRecognitionUsageDescription = "Chiffre 需要使用语音识别功能来判断您的法语发音是否准确。";
				INFOPLIST_KEY_UIApplicationSceneManifest_Generation = YES;
				INFOPLIST_KEY_UIApplicationSupportsIndirectInputEvents = YES;
				INFOPLIST_KEY_UISupportedInterfaceOrientations = UIInterfaceOrientationPortrait;
				INFOPLIST_KEY_UISupportedInterfaceOrientations_iPad = "UIInterfaceOrientationLandscapeLeft UIInterfaceOrientationLandscapeRight UIInterfaceOrientationPortrait UIInterfaceOrientationPortraitUpsideDown";
				IPHONEOS_DEPLOYMENT_TARGET = 17.0;
				LD_RUNPATH_SEARCH_PATHS = (
					"$(inherited)",
					"@executable_path/Frameworks",
				);
				MARKETING_VERSION = 1.0;
				PRODUCT_BUNDLE_IDENTIFIER = zz.Chiffre;
				PRODUCT_NAME = "$(TARGET_NAME)";
				STRING_CATALOG_GENERATE_SYMBOLS = YES;
				SWIFT_APPROACHABLE_CONCURRENCY = YES;
				SWIFT_DEFAULT_ACTOR_ISOLATION = MainActor;
				SWIFT_EMIT_LOC_STRINGS = YES;
				SWIFT_UPCOMING_FEATURE_MEMBER_IMPORT_VISIBILITY = YES;
				SWIFT_VERSION = 5.0;
				TARGETED_DEVICE_FAMILY = "1,2";
			};
			name = Debug;
		};
		3A4A75A52EFD830E00E6C0D9 /* Release */ = {
			isa = XCBuildConfiguration;
			buildSettings = {
				ASSETCATALOG_COMPILER_APPICON_NAME = AppIcon;
				ASSETCATALOG_COMPILER_GLOBAL_ACCENT_COLOR_NAME = AccentColor;
				CODE_SIGN_STYLE = Automatic;
				CURRENT_PROJECT_VERSION = 1;
				DEVELOPMENT_TEAM = NBGZXN8GX7;
				ENABLE_PREVIEWS = YES;
				GENERATE_INFOPLIST_FILE = YES;
				INFOPLIST_FILE = Chiffre/Info.plist;
				INFOPLIST_KEY_CFBundleDisplayName = Chiffre;
				INFOPLIST_KEY_ITSAppUsesNonExemptEncryption = NO;
				INFOPLIST_KEY_LSApplicationCategoryType = "public.app-category.education";
				INFOPLIST_KEY_NSMicrophoneUsageDescription = "Chiffre 需要访问麦克风以录制您的语音进行练习。";
				INFOPLIST_KEY_NSSpeechRecognitionUsageDescription = "Chiffre 需要使用语音识别功能来判断您的法语发音是否准确。";
				INFOPLIST_KEY_UIApplicationSceneManifest_Generation = YES;
				INFOPLIST_KEY_UIApplicationSupportsIndirectInputEvents = YES;
				INFOPLIST_KEY_UISupportedInterfaceOrientations = UIInterfaceOrientationPortrait;
				INFOPLIST_KEY_UISupportedInterfaceOrientations_iPad = "UIInterfaceOrientationLandscapeLeft UIInterfaceOrientationLandscapeRight UIInterfaceOrientationPortrait UIInterfaceOrientationPortraitUpsideDown";
				IPHONEOS_DEPLOYMENT_TARGET = 17.0;
				LD_RUNPATH_SEARCH_PATHS = (
					"$(inherited)",
					"@executable_path/Frameworks",
				);
				MARKETING_VERSION = 1.0;
				PRODUCT_BUNDLE_IDENTIFIER = zz.Chiffre;
				PRODUCT_NAME = "$(TARGET_NAME)";
				STRING_CATALOG_GENERATE_SYMBOLS = YES;
				SWIFT_APPROACHABLE_CONCURRENCY = YES;
				SWIFT_DEFAULT_ACTOR_ISOLATION = MainActor;
				SWIFT_EMIT_LOC_STRINGS = YES;
				SWIFT_UPCOMING_FEATURE_MEMBER_IMPORT_VISIBILITY = YES;
				SWIFT_VERSION = 5.0;
				TARGETED_DEVICE_FAMILY = "1,2";
			};
			name = Release;
		};
		3A4A75A72EFD830E00E6C0D9 /* Debug */ = {
			isa = XCBuildConfiguration;
			buildSettings = {
				BUNDLE_LOADER = "$(TEST_HOST)";
				CODE_SIGN_STYLE = Automatic;
				CURRENT_PROJECT_VERSION = 1;
				DEVELOPMENT_TEAM = NBGZXN8GX7;
				GENERATE_INFOPLIST_FILE = YES;
				IPHONEOS_DEPLOYMENT_TARGET = 26.1;
				MARKETING_VERSION = 1.0;
				PRODUCT_BUNDLE_IDENTIFIER = zz.ChiffreTests;
				PRODUCT_NAME = "$(TARGET_NAME)";
				STRING_CATALOG_GENERATE_SYMBOLS = NO;
				SWIFT_APPROACHABLE_CONCURRENCY = YES;
				SWIFT_EMIT_LOC_STRINGS = NO;
				SWIFT_UPCOMING_FEATURE_MEMBER_IMPORT_VISIBILITY = YES;
				SWIFT_VERSION = 5.0;
				TARGETED_DEVICE_FAMILY = "1,2";
				TEST_HOST = "$(BUILT_PRODUCTS_DIR)/Chiffre.app/$(BUNDLE_EXECUTABLE_FOLDER_PATH)/Chiffre";
			};
			name = Debug;
		};
		3A4A75A82EFD830E00E6C0D9 /* Release */ = {
			isa = XCBuildConfiguration;
			buildSettings = {
				BUNDLE_LOADER = "$(TEST_HOST)";
				CODE_SIGN_STYLE = Automatic;
				CURRENT_PROJECT_VERSION = 1;
				DEVELOPMENT_TEAM = NBGZXN8GX7;
				GENERATE_INFOPLIST_FILE = YES;
				IPHONEOS_DEPLOYMENT_TARGET = 26.1;
				MARKETING_VERSION = 1.0;
				PRODUCT_BUNDLE_IDENTIFIER = zz.ChiffreTests;
				PRODUCT_NAME = "$(TARGET_NAME)";
				STRING_CATALOG_GENERATE_SYMBOLS = NO;
				SWIFT_APPROACHABLE_CONCURRENCY = YES;
				SWIFT_EMIT_LOC_STRINGS = NO;
				SWIFT_UPCOMING_FEATURE_MEMBER_IMPORT_VISIBILITY = YES;
				SWIFT_VERSION = 5.0;
				TARGETED_DEVICE_FAMILY = "1,2";
				TEST_HOST = "$(BUILT_PRODUCTS_DIR)/Chiffre.app/$(BUNDLE_EXECUTABLE_FOLDER_PATH)/Chiffre";
			};
			name = Release;
		};
		3A4A75AA2EFD830E00E6C0D9 /* Debug */ = {
			isa = XCBuildConfiguration;
			buildSettings = {
				CODE_SIGN_STYLE = Automatic;
				CURRENT_PROJECT_VERSION = 1;
				DEVELOPMENT_TEAM = NBGZXN8GX7;
				GENERATE_INFOPLIST_FILE = YES;
				MARKETING_VERSION = 1.0;
				PRODUCT_BUNDLE_IDENTIFIER = zz.ChiffreUITests;
				PRODUCT_NAME = "$(TARGET_NAME)";
				STRING_CATALOG_GENERATE_SYMBOLS = NO;
				SWIFT_APPROACHABLE_CONCURRENCY = YES;
				SWIFT_EMIT_LOC_STRINGS = NO;
				SWIFT_UPCOMING_FEATURE_MEMBER_IMPORT_VISIBILITY = YES;
				SWIFT_VERSION = 5.0;
				TARGETED_DEVICE_FAMILY = "1,2";
				TEST_TARGET_NAME = Chiffre;
			};
			name = Debug;
		};
		3A4A75AB2EFD830E00E6C0D9 /* Release */ = {
			isa = XCBuildConfiguration;
			buildSettings = {
				CODE_SIGN_STYLE = Automatic;
				CURRENT_PROJECT_VERSION = 1;
				DEVELOPMENT_TEAM = NBGZXN8GX7;
				GENERATE_INFOPLIST_FILE = YES;
				MARKETING_VERSION = 1.0;
				PRODUCT_BUNDLE_IDENTIFIER = zz.ChiffreUITests;
				PRODUCT_NAME = "$(TARGET_NAME)";
				STRING_CATALOG_GENERATE_SYMBOLS = NO;
				SWIFT_APPROACHABLE_CONCURRENCY = YES;
				SWIFT_EMIT_LOC_STRINGS = NO;
				SWIFT_UPCOMING_FEATURE_MEMBER_IMPORT_VISIBILITY = YES;
				SWIFT_VERSION = 5.0;
				TARGETED_DEVICE_FAMILY = "1,2";
				TEST_TARGET_NAME = Chiffre;
			};
			name = Release;
		};
/* End XCBuildConfiguration section */

/* Begin XCConfigurationList section */
		3A4A757B2EFD830D00E6C0D9 /* Build configuration list for PBXProject "Chiffre" */ = {
			isa = XCConfigurationList;
			buildConfigurations = (
				3A4A75A12EFD830E00E6C0D9 /* Debug */,
				3A4A75A22EFD830E00E6C0D9 /* Release */,
			);
			defaultConfigurationIsVisible = 0;
			defaultConfigurationName = Release;
		};
		3A4A75A32EFD830E00E6C0D9 /* Build configuration list for PBXNativeTarget "Chiffre" */ = {
			isa = XCConfigurationList;
			buildConfigurations = (
				3A4A75A42EFD830E00E6C0D9 /* Debug */,
				3A4A75A52EFD830E00E6C0D9 /* Release */,
			);
			defaultConfigurationIsVisible = 0;
			defaultConfigurationName = Release;
		};
		3A4A75A62EFD830E00E6C0D9 /* Build configuration list for PBXNativeTarget "ChiffreTests" */ = {
			isa = XCConfigurationList;
			buildConfigurations = (
				3A4A75A72EFD830E00E6C0D9 /* Debug */,
				3A4A75A82EFD830E00E6C0D9 /* Release */,
			);
			defaultConfigurationIsVisible = 0;
			defaultConfigurationName = Release;
		};
		3A4A75A92EFD830E00E6C0D9 /* Build configuration list for PBXNativeTarget "ChiffreUITests" */ = {
			isa = XCConfigurationList;
			buildConfigurations = (
				3A4A75AA2EFD830E00E6C0D9 /* Debug */,
				3A4A75AB2EFD830E00E6C0D9 /* Release */,
			);
			defaultConfigurationIsVisible = 0;
			defaultConfigurationName = Release;
		};
/* End XCConfigurationList section */
	};
	rootObject = 3A4A75782EFD830D00E6C0D9 /* Project object */;
}
